{
  "requires": true,
  "lockfileVersion": 1,
  "dependencies": {
    "reset-css": {
      "version": "4.0.0",
      "resolved": "https://registry.npmjs.org/reset-css/-/reset-css-4.0.0.tgz",
      "integrity": "sha512-MQ7t7pG6dBaMpChA6QlngNHPPF0CkJ/IJSI7+VND7FBY92D5giqjU8W1Qfz3J2RtaWBIULYpwU1yglGJ13jLqg=="
    }
  }
}
